// !$*UTF8*$!
{
	archiveVersion = 1;
	classes = {
	};
	objectVersion = 56;
	objects = {

/* Begin PBXBuildFile section */
		BF7543892CE05239002D2BAF /* App in Resources */ = {isa = PBXBuildFile; fileRef = BF7543882CE05239002D2BAF /* App */; };
		BF75438B2CE05285002D2BAF /* Models in Resources */ = {isa = PBXBuildFile; fileRef = BF75438A2CE05285002D2BAF /* Models */; };
		BF75438D2CE05290002D2BAF /* Network in Resources */ = {isa = PBXBuildFile; fileRef = BF75438C2CE05290002D2BAF /* Network */; };
		BF7543932CE053CA002D2BAF /* ModelTests.swift in Sources */ = {isa = PBXBuildFile; fileRef = BF7543922CE053CA002D2BAF /* ModelTests.swift */; };
		BF7543952CE053EA002D2BAF /* NetworkTests.swift in Sources */ = {isa = PBXBuildFile; fileRef = BF7543942CE053EA002D2BAF /* NetworkTests.swift */; };
		BF7543972CE053F7002D2BAF /* ViewModelTests.swift in Sources */ = {isa = PBXBuildFile; fileRef = BF7543962CE053F7002D2BAF /* ViewModelTests.swift */; };
		BF7543992CE0540A002D2BAF /* RecipeListViewModel.swift in Sources */ = {isa = PBXBuildFile; fileRef = BF7543982CE0540A002D2BAF /* RecipeListViewModel.swift */; };
		BF75439C2CE0541F002D2BAF /* RecipeListView.swift in Sources */ = {isa = PBXBuildFile; fileRef = BF75439B2CE0541F002D2BAF /* RecipeListView.swift */; };
		BF75439E2CE0542C002D2BAF /* RecipeRowView.swift in Sources */ = {isa = PBXBuildFile; fileRef = BF75439D2CE0542C002D2BAF /* RecipeRowView.swift */; };
		BF7543A12CE05444002D2BAF /* ImageCache.swift in Sources */ = {isa = PBXBuildFile; fileRef = BF7543A02CE05444002D2BAF /* ImageCache.swift */; };
		BF7543A42CE0547A002D2BAF /* Assets.xcassets in Resources */ = {isa = PBXBuildFile; fileRef = BF7543A32CE0547A002D2BAF /* Assets.xcassets */; };
		BF7543A62CE06535002D2BAF /* URLProtocolMock.swift in Sources */ = {isa = PBXBuildFile; fileRef = BF7543A52CE06535002D2BAF /* URLProtocolMock.swift */; };
/* End PBXBuildFile section */

/* Begin PBXContainerItemProxy section */
		BF827F5D2CE03BA00075C577 /* PBXContainerItemProxy */ = {
			isa = PBXContainerItemProxy;
			containerPortal = BF827F432CE03B9B0075C577 /* Project object */;
			proxyType = 1;
			remoteGlobalIDString = BF827F4A2CE03B9B0075C577;
			remoteInfo = FetchRecipe;
		};
		BF827F672CE03BA00075C577 /* PBXContainerItemProxy */ = {
			isa = PBXContainerItemProxy;
			containerPortal = BF827F432CE03B9B0075C577 /* Project object */;
			proxyType = 1;
			remoteGlobalIDString = BF827F4A2CE03B9B0075C577;
			remoteInfo = FetchRecipe;
		};
/* End PBXContainerItemProxy section */

/* Begin PBXFileReference section */
		BF7543882CE05239002D2BAF /* App */ = {isa = PBXFileReference; lastKnownFileType = folder; name = App; path = FetchRecipe/App; sourceTree = "<group>"; };
		BF75438A2CE05285002D2BAF /* Models */ = {isa = PBXFileReference; lastKnownFileType = folder; name = Models; path = FetchRecipe/Models; sourceTree = "<group>"; };
		BF75438C2CE05290002D2BAF /* Network */ = {isa = PBXFileReference; lastKnownFileType = folder; name = Network; path = FetchRecipe/Network; sourceTree = "<group>"; };
		BF7543922CE053CA002D2BAF /* ModelTests.swift */ = {isa = PBXFileReference; lastKnownFileType = sourcecode.swift; path = ModelTests.swift; sourceTree = "<group>"; };
		BF7543942CE053EA002D2BAF /* NetworkTests.swift */ = {isa = PBXFileReference; lastKnownFileType = sourcecode.swift; path = NetworkTests.swift; sourceTree = "<group>"; };
		BF7543962CE053F7002D2BAF /* ViewModelTests.swift */ = {isa = PBXFileReference; lastKnownFileType = sourcecode.swift; path = ViewModelTests.swift; sourceTree = "<group>"; };
		BF7543982CE0540A002D2BAF /* RecipeListViewModel.swift */ = {isa = PBXFileReference; lastKnownFileType = sourcecode.swift; path = RecipeListViewModel.swift; sourceTree = "<group>"; };
		BF75439B2CE0541F002D2BAF /* RecipeListView.swift */ = {isa = PBXFileReference; lastKnownFileType = sourcecode.swift; path = RecipeListView.swift; sourceTree = "<group>"; };
		BF75439D2CE0542C002D2BAF /* RecipeRowView.swift */ = {isa = PBXFileReference; lastKnownFileType = sourcecode.swift; path = RecipeRowView.swift; sourceTree = "<group>"; };
		BF7543A02CE05444002D2BAF /* ImageCache.swift */ = {isa = PBXFileReference; lastKnownFileType = sourcecode.swift; path = ImageCache.swift; sourceTree = "<group>"; };
		BF7543A32CE0547A002D2BAF /* Assets.xcassets */ = {isa = PBXFileReference; lastKnownFileType = folder.assetcatalog; path = Assets.xcassets; sourceTree = "<group>"; };
		BF7543A52CE06535002D2BAF /* URLProtocolMock.swift */ = {isa = PBXFileReference; lastKnownFileType = sourcecode.swift; path = URLProtocolMock.swift; sourceTree = "<group>"; };
		BF827F4B2CE03B9B0075C577 /* FetchRecipe.app */ = {isa = PBXFileReference; explicitFileType = wrapper.application; includeInIndex = 0; path = FetchRecipe.app; sourceTree = BUILT_PRODUCTS_DIR; };
		BF827F5C2CE03BA00075C577 /* FetchRecipeTests.xctest */ = {isa = PBXFileReference; explicitFileType = wrapper.cfbundle; includeInIndex = 0; path = FetchRecipeTests.xctest; sourceTree = BUILT_PRODUCTS_DIR; };
		BF827F662CE03BA00075C577 /* FetchRecipeUITests.xctest */ = {isa = PBXFileReference; explicitFileType = wrapper.cfbundle; includeInIndex = 0; path = FetchRecipeUITests.xctest; sourceTree = BUILT_PRODUCTS_DIR; };
/* End PBXFileReference section */

/* Begin PBXFrameworksBuildPhase section */
		BF827F482CE03B9B0075C577 /* Frameworks */ = {
			isa = PBXFrameworksBuildPhase;
			buildActionMask = 2147483647;
			files = (
			);
			runOnlyForDeploymentPostprocessing = 0;
		};
		BF827F592CE03BA00075C577 /* Frameworks */ = {
			isa = PBXFrameworksBuildPhase;
			buildActionMask = 2147483647;
			files = (
			);
			runOnlyForDeploymentPostprocessing = 0;
		};
		BF827F632CE03BA00075C577 /* Frameworks */ = {
			isa = PBXFrameworksBuildPhase;
			buildActionMask = 2147483647;
			files = (
			);
			runOnlyForDeploymentPostprocessing = 0;
		};
/* End PBXFrameworksBuildPhase section */

/* Begin PBXGroup section */
		BF75438E2CE052E3002D2BAF /* ViewModel */ = {
			isa = PBXGroup;
			children = (
				BF7543982CE0540A002D2BAF /* RecipeListViewModel.swift */,
			);
			path = ViewModel;
			sourceTree = "<group>";
		};
		BF7543902CE053B8002D2BAF /* Tests */ = {
			isa = PBXGroup;
			children = (
				BF7543922CE053CA002D2BAF /* ModelTests.swift */,
				BF7543942CE053EA002D2BAF /* NetworkTests.swift */,
				BF7543962CE053F7002D2BAF /* ViewModelTests.swift */,
				BF7543A52CE06535002D2BAF /* URLProtocolMock.swift */,
			);
			path = Tests;
			sourceTree = "<group>";
		};
		BF75439A2CE0540E002D2BAF /* View */ = {
			isa = PBXGroup;
			children = (
				BF75439B2CE0541F002D2BAF /* RecipeListView.swift */,
				BF75439D2CE0542C002D2BAF /* RecipeRowView.swift */,
			);
			path = View;
			sourceTree = "<group>";
		};
		BF75439F2CE05434002D2BAF /* Utility */ = {
			isa = PBXGroup;
			children = (
				BF7543A02CE05444002D2BAF /* ImageCache.swift */,
			);
			path = Utility;
			sourceTree = "<group>";
		};
		BF7543A22CE05458002D2BAF /* Resources */ = {
			isa = PBXGroup;
			children = (
				BF7543A32CE0547A002D2BAF /* Assets.xcassets */,
			);
			path = Resources;
			sourceTree = "<group>";
		};
		BF827F422CE03B9B0075C577 = {
			isa = PBXGroup;
			children = (
				BF7543A22CE05458002D2BAF /* Resources */,
				BF75439F2CE05434002D2BAF /* Utility */,
				BF75439A2CE0540E002D2BAF /* View */,
				BF7543902CE053B8002D2BAF /* Tests */,
				BF75438E2CE052E3002D2BAF /* ViewModel */,
				BF75438C2CE05290002D2BAF /* Network */,
				BF75438A2CE05285002D2BAF /* Models */,
				BF7543882CE05239002D2BAF /* App */,
				BF827F4C2CE03B9B0075C577 /* Products */,
			);
			sourceTree = "<group>";
		};
		BF827F4C2CE03B9B0075C577 /* Products */ = {
			isa = PBXGroup;
			children = (
				BF827F4B2CE03B9B0075C577 /* FetchRecipe.app */,
				BF827F5C2CE03BA00075C577 /* FetchRecipeTests.xctest */,
				BF827F662CE03BA00075C577 /* FetchRecipeUITests.xctest */,
			);
			name = Products;
			sourceTree = "<group>";
		};
/* End PBXGroup section */

/* Begin PBXNativeTarget section */
		BF827F4A2CE03B9B0075C577 /* FetchRecipe */ = {
			isa = PBXNativeTarget;
			buildConfigurationList = BF827F702CE03BA00075C577 /* Build configuration list for PBXNativeTarget "FetchRecipe" */;
			buildPhases = (
				BF827F472CE03B9B0075C577 /* Sources */,
				BF827F482CE03B9B0075C577 /* Frameworks */,
				BF827F492CE03B9B0075C577 /* Resources */,
			);
			buildRules = (
			);
			dependencies = (
			);
			name = FetchRecipe;
			productName = FetchRecipe;
			productReference = BF827F4B2CE03B9B0075C577 /* FetchRecipe.app */;
			productType = "com.apple.product-type.application";
		};
		BF827F5B2CE03BA00075C577 /* FetchRecipeTests */ = {
			isa = PBXNativeTarget;
			buildConfigurationList = BF827F732CE03BA00075C577 /* Build configuration list for PBXNativeTarget "FetchRecipeTests" */;
			buildPhases = (
				BF827F582CE03BA00075C577 /* Sources */,
				BF827F592CE03BA00075C577 /* Frameworks */,
				BF827F5A2CE03BA00075C577 /* Resources */,
			);
			buildRules = (
			);
			dependencies = (
				BF827F5E2CE03BA00075C577 /* PBXTargetDependency */,
			);
			name = FetchRecipeTests;
			productName = FetchRecipeTests;
			productReference = BF827F5C2CE03BA00075C577 /* FetchRecipeTests.xctest */;
			productType = "com.apple.product-type.bundle.unit-test";
		};
		BF827F652CE03BA00075C577 /* FetchRecipeUITests */ = {
			isa = PBXNativeTarget;
			buildConfigurationList = BF827F762CE03BA00075C577 /* Build configuration list for PBXNativeTarget "FetchRecipeUITests" */;
			buildPhases = (
				BF827F622CE03BA00075C577 /* Sources */,
				BF827F632CE03BA00075C577 /* Frameworks */,
				BF827F642CE03BA00075C577 /* Resources */,
			);
			buildRules = (
			);
			dependencies = (
				BF827F682CE03BA00075C577 /* PBXTargetDependency */,
			);
			name = FetchRecipeUITests;
			productName = FetchRecipeUITests;
			productReference = BF827F662CE03BA00075C577 /* FetchRecipeUITests.xctest */;
			productType = "com.apple.product-type.bundle.ui-testing";
		};
/* End PBXNativeTarget section */

/* Begin PBXProject section */
		BF827F432CE03B9B0075C577 /* Project object */ = {
			isa = PBXProject;
			attributes = {
				BuildIndependentTargetsInParallel = 1;
				LastSwiftUpdateCheck = 1500;
				LastUpgradeCheck = 1500;
				TargetAttributes = {
					BF827F4A2CE03B9B0075C577 = {
						CreatedOnToolsVersion = 15.0.1;
						LastSwiftMigration = 1500;
					};
					BF827F5B2CE03BA00075C577 = {
						CreatedOnToolsVersion = 15.0.1;
						TestTargetID = BF827F4A2CE03B9B0075C577;
					};
					BF827F652CE03BA00075C577 = {
						CreatedOnToolsVersion = 15.0.1;
						TestTargetID = BF827F4A2CE03B9B0075C577;
					};
				};
			};
			buildConfigurationList = BF827F462CE03B9B0075C577 /* Build configuration list for PBXProject "FetchRecipe" */;
			compatibilityVersion = "Xcode 14.0";
			developmentRegion = en;
			hasScannedForEncodings = 0;
			knownRegions = (
				en,
				Base,
			);
			mainGroup = BF827F422CE03B9B0075C577;
			productRefGroup = BF827F4C2CE03B9B0075C577 /* Products */;
			projectDirPath = "";
			projectRoot = "";
			targets = (
				BF827F4A2CE03B9B0075C577 /* FetchRecipe */,
				BF827F5B2CE03BA00075C577 /* FetchRecipeTests */,
				BF827F652CE03BA00075C577 /* FetchRecipeUITests */,
			);
		};
/* End PBXProject section */

/* Begin PBXResourcesBuildPhase section */
		BF827F492CE03B9B0075C577 /* Resources */ = {
			isa = PBXResourcesBuildPhase;
			buildActionMask = 2147483647;
			files = (
				BF75438D2CE05290002D2BAF /* Network in Resources */,
				BF75438B2CE05285002D2BAF /* Models in Resources */,
				BF7543A42CE0547A002D2BAF /* Assets.xcassets in Resources */,
				BF7543892CE05239002D2BAF /* App in Resources */,
			);
			runOnlyForDeploymentPostprocessing = 0;
		};
		BF827F5A2CE03BA00075C577 /* Resources */ = {
			isa = PBXResourcesBuildPhase;
			buildActionMask = 2147483647;
			files = (
			);
			runOnlyForDeploymentPostprocessing = 0;
		};
		BF827F642CE03BA00075C577 /* Resources */ = {
			isa = PBXResourcesBuildPhase;
			buildActionMask = 2147483647;
			files = (
			);
			runOnlyForDeploymentPostprocessing = 0;
		};
/* End PBXResourcesBuildPhase section */

/* Begin PBXSourcesBuildPhase section */
		BF827F472CE03B9B0075C577 /* Sources */ = {
			isa = PBXSourcesBuildPhase;
			buildActionMask = 2147483647;
			files = (
				BF7543992CE0540A002D2BAF /* RecipeListViewModel.swift in Sources */,
				BF7543952CE053EA002D2BAF /* NetworkTests.swift in Sources */,
				BF75439C2CE0541F002D2BAF /* RecipeListView.swift in Sources */,
				BF75439E2CE0542C002D2BAF /* RecipeRowView.swift in Sources */,
				BF7543932CE053CA002D2BAF /* ModelTests.swift in Sources */,
				BF7543A12CE05444002D2BAF /* ImageCache.swift in Sources */,
				BF7543972CE053F7002D2BAF /* ViewModelTests.swift in Sources */,
				BF7543A62CE06535002D2BAF /* URLProtocolMock.swift in Sources */,
			);
			runOnlyForDeploymentPostprocessing = 0;
		};
		BF827F582CE03BA00075C577 /* Sources */ = {
			isa = PBXSourcesBuildPhase;
			buildActionMask = 2147483647;
			files = (
			);
			runOnlyForDeploymentPostprocessing = 0;
		};
		BF827F622CE03BA00075C577 /* Sources */ = {
			isa = PBXSourcesBuildPhase;
			buildActionMask = 2147483647;
			files = (
			);
			runOnlyForDeploymentPostprocessing = 0;
		};
/* End PBXSourcesBuildPhase section */

/* Begin PBXTargetDependency section */
		BF827F5E2CE03BA00075C577 /* PBXTargetDependency */ = {
			isa = PBXTargetDependency;
			target = BF827F4A2CE03B9B0075C577 /* FetchRecipe */;
			targetProxy = BF827F5D2CE03BA00075C577 /* PBXContainerItemProxy */;
		};
		BF827F682CE03BA00075C577 /* PBXTargetDependency */ = {
			isa = PBXTargetDependency;
			target = BF827F4A2CE03B9B0075C577 /* FetchRecipe */;
			targetProxy = BF827F672CE03BA00075C577 /* PBXContainerItemProxy */;
		};
/* End PBXTargetDependency section */

/* Begin XCBuildConfiguration section */
		BF827F6E2CE03BA00075C577 /* Debug */ = {
			isa = XCBuildConfiguration;
			buildSettings = {
				ALWAYS_SEARCH_USER_PATHS = NO;
				ASSETCATALOG_COMPILER_GENERATE_SWIFT_ASSET_SYMBOL_EXTENSIONS = YES;
				CLANG_ANALYZER_NONNULL = YES;
				CLANG_ANALYZER_NUMBER_OBJECT_CONVERSION = YES_AGGRESSIVE;
				CLANG_CXX_LANGUAGE_STANDARD = "gnu++20";
				CLANG_ENABLE_MODULES = YES;
				CLANG_ENABLE_OBJC_ARC = YES;
				CLANG_ENABLE_OBJC_WEAK = YES;
				CLANG_WARN_BLOCK_CAPTURE_AUTORELEASING = YES;
				CLANG_WARN_BOOL_CONVERSION = YES;
				CLANG_WARN_COMMA = YES;
				CLANG_WARN_CONSTANT_CONVERSION = YES;
				CLANG_WARN_DEPRECATED_OBJC_IMPLEMENTATIONS = YES;
				CLANG_WARN_DIRECT_OBJC_ISA_USAGE = YES_ERROR;
				CLANG_WARN_DOCUMENTATION_COMMENTS = YES;
				CLANG_WARN_EMPTY_BODY = YES;
				CLANG_WARN_ENUM_CONVERSION = YES;
				CLANG_WARN_INFINITE_RECURSION = YES;
				CLANG_WARN_INT_CONVERSION = YES;
				CLANG_WARN_NON_LITERAL_NULL_CONVERSION = YES;
				CLANG_WARN_OBJC_IMPLICIT_RETAIN_SELF = YES;
				CLANG_WARN_OBJC_LITERAL_CONVERSION = YES;
				CLANG_WARN_OBJC_ROOT_CLASS = YES_ERROR;
				CLANG_WARN_QUOTED_INCLUDE_IN_FRAMEWORK_HEADER = YES;
				CLANG_WARN_RANGE_LOOP_ANALYSIS = YES;
				CLANG_WARN_STRICT_PROTOTYPES = YES;
				CLANG_WARN_SUSPICIOUS_MOVE = YES;
				CLANG_WARN_UNGUARDED_AVAILABILITY = YES_AGGRESSIVE;
				CLANG_WARN_UNREACHABLE_CODE = YES;
				CLANG_WARN__DUPLICATE_METHOD_MATCH = YES;
				COPY_PHASE_STRIP = NO;
				DEBUG_INFORMATION_FORMAT = dwarf;
				ENABLE_STRICT_OBJC_MSGSEND = YES;
				ENABLE_TESTABILITY = YES;
				ENABLE_USER_SCRIPT_SANDBOXING = YES;
				GCC_C_LANGUAGE_STANDARD = gnu17;
				GCC_DYNAMIC_NO_PIC = NO;
				GCC_NO_COMMON_BLOCKS = YES;
				GCC_OPTIMIZATION_LEVEL = 0;
				GCC_PREPROCESSOR_DEFINITIONS = (
					"DEBUG=1",
					"$(inherited)",
				);
				GCC_WARN_64_TO_32_BIT_CONVERSION = YES;
				GCC_WARN_ABOUT_RETURN_TYPE = YES_ERROR;
				GCC_WARN_UNDECLARED_SELECTOR = YES;
				GCC_WARN_UNINITIALIZED_AUTOS = YES_AGGRESSIVE;
				GCC_WARN_UNUSED_FUNCTION = YES;
				GCC_WARN_UNUSED_VARIABLE = YES;
				LOCALIZATION_PREFERS_STRING_CATALOGS = YES;
				MTL_ENABLE_DEBUG_INFO = INCLUDE_SOURCE;
				MTL_FAST_MATH = YES;
				ONLY_ACTIVE_ARCH = YES;
				SWIFT_ACTIVE_COMPILATION_CONDITIONS = "DEBUG $(inherited)";
				SWIFT_OPTIMIZATION_LEVEL = "-Onone";
			};
			name = Debug;
		};
		BF827F6F2CE03BA00075C577 /* Release */ = {
			isa = XCBuildConfiguration;
			buildSettings = {
				ALWAYS_SEARCH_USER_PATHS = NO;
				ASSETCATALOG_COMPILER_GENERATE_SWIFT_ASSET_SYMBOL_EXTENSIONS = YES;
				CLANG_ANALYZER_NONNULL = YES;
				CLANG_ANALYZER_NUMBER_OBJECT_CONVERSION = YES_AGGRESSIVE;
				CLANG_CXX_LANGUAGE_STANDARD = "gnu++20";
				CLANG_ENABLE_MODULES = YES;
				CLANG_ENABLE_OBJC_ARC = YES;
				CLANG_ENABLE_OBJC_WEAK = YES;
				CLANG_WARN_BLOCK_CAPTURE_AUTORELEASING = YES;
				CLANG_WARN_BOOL_CONVERSION = YES;
				CLANG_WARN_COMMA = YES;
				CLANG_WARN_CONSTANT_CONVERSION = YES;
				CLANG_WARN_DEPRECATED_OBJC_IMPLEMENTATIONS = YES;
				CLANG_WARN_DIRECT_OBJC_ISA_USAGE = YES_ERROR;
				CLANG_WARN_DOCUMENTATION_COMMENTS = YES;
				CLANG_WARN_EMPTY_BODY = YES;
				CLANG_WARN_ENUM_CONVERSION = YES;
				CLANG_WARN_INFINITE_RECURSION = YES;
				CLANG_WARN_INT_CONVERSION = YES;
				CLANG_WARN_NON_LITERAL_NULL_CONVERSION = YES;
				CLANG_WARN_OBJC_IMPLICIT_RETAIN_SELF = YES;
				CLANG_WARN_OBJC_LITERAL_CONVERSION = YES;
				CLANG_WARN_OBJC_ROOT_CLASS = YES_ERROR;
				CLANG_WARN_QUOTED_INCLUDE_IN_FRAMEWORK_HEADER = YES;
				CLANG_WARN_RANGE_LOOP_ANALYSIS = YES;
				CLANG_WARN_STRICT_PROTOTYPES = YES;
				CLANG_WARN_SUSPICIOUS_MOVE = YES;
				CLANG_WARN_UNGUARDED_AVAILABILITY = YES_AGGRESSIVE;
				CLANG_WARN_UNREACHABLE_CODE = YES;
				CLANG_WARN__DUPLICATE_METHOD_MATCH = YES;
				COPY_PHASE_STRIP = NO;
				DEBUG_INFORMATION_FORMAT = "dwarf-with-dsym";
				ENABLE_NS_ASSERTIONS = NO;
				ENABLE_STRICT_OBJC_MSGSEND = YES;
				ENABLE_USER_SCRIPT_SANDBOXING = YES;
				GCC_C_LANGUAGE_STANDARD = gnu17;
				GCC_NO_COMMON_BLOCKS = YES;
				GCC_WARN_64_TO_32_BIT_CONVERSION = YES;
				GCC_WARN_ABOUT_RETURN_TYPE = YES_ERROR;
				GCC_WARN_UNDECLARED_SELECTOR = YES;
				GCC_WARN_UNINITIALIZED_AUTOS = YES_AGGRESSIVE;
				GCC_WARN_UNUSED_FUNCTION = YES;
				GCC_WARN_UNUSED_VARIABLE = YES;
				LOCALIZATION_PREFERS_STRING_CATALOGS = YES;
				MTL_ENABLE_DEBUG_INFO = NO;
				MTL_FAST_MATH = YES;
				SWIFT_COMPILATION_MODE = wholemodule;
			};
			name = Release;
		};
		BF827F712CE03BA00075C577 /* Debug */ = {
			isa = XCBuildConfiguration;
			buildSettings = {
				ASSETCATALOG_COMPILER_APPICON_NAME = AppIcon;
				ASSETCATALOG_COMPILER_GLOBAL_ACCENT_COLOR_NAME = AccentColor;
				CLANG_ENABLE_MODULES = YES;
				CODE_SIGN_ENTITLEMENTS = FetchRecipe/FetchRecipe.entitlements;
				CODE_SIGN_STYLE = Automatic;
				CURRENT_PROJECT_VERSION = 1;
				DEVELOPMENT_ASSET_PATHS = "\"FetchRecipe/Preview Content\"";
				DEVELOPMENT_TEAM = NHHC3FBP5A;
				ENABLE_HARDENED_RUNTIME = YES;
				ENABLE_PREVIEWS = YES;
				GENERATE_INFOPLIST_FILE = YES;
				"INFOPLIST_KEY_UIApplicationSceneManifest_Generation[sdk=iphoneos*]" = YES;
				"INFOPLIST_KEY_UIApplicationSceneManifest_Generation[sdk=iphonesimulator*]" = YES;
				"INFOPLIST_KEY_UIApplicationSupportsIndirectInputEvents[sdk=iphoneos*]" = YES;
				"INFOPLIST_KEY_UIApplicationSupportsIndirectInputEvents[sdk=iphonesimulator*]" = YES;
				"INFOPLIST_KEY_UILaunchScreen_Generation[sdk=iphoneos*]" = YES;
				"INFOPLIST_KEY_UILaunchScreen_Generation[sdk=iphonesimulator*]" = YES;
				"INFOPLIST_KEY_UIStatusBarStyle[sdk=iphoneos*]" = UIStatusBarStyleDefault;
				"INFOPLIST_KEY_UIStatusBarStyle[sdk=iphonesimulator*]" = UIStatusBarStyleDefault;
				INFOPLIST_KEY_UISupportedInterfaceOrientations_iPad = "UIInterfaceOrientationPortrait UIInterfaceOrientationPortraitUpsideDown UIInterfaceOrientationLandscapeLeft UIInterfaceOrientationLandscapeRight";
				INFOPLIST_KEY_UISupportedInterfaceOrientations_iPhone = "UIInterfaceOrientationPortrait UIInterfaceOrientationLandscapeLeft UIInterfaceOrientationLandscapeRight";
				IPHONEOS_DEPLOYMENT_TARGET = 17.0;
				LD_RUNPATH_SEARCH_PATHS = "@executable_path/Frameworks";
				"LD_RUNPATH_SEARCH_PATHS[sdk=macosx*]" = "@executable_path/../Frameworks";
				MACOSX_DEPLOYMENT_TARGET = 14.0;
				MARKETING_VERSION = 1.0;
				PRODUCT_BUNDLE_IDENTIFIER = "N-A.FetchRecipe";
				PRODUCT_NAME = "$(TARGET_NAME)";
				SDKROOT = auto;
				SUPPORTED_PLATFORMS = "iphoneos iphonesimulator macosx";
				SWIFT_EMIT_LOC_STRINGS = YES;
				SWIFT_OBJC_BRIDGING_HEADER = "Tests/FetchRecipe-Bridging-Header.h";
				SWIFT_OPTIMIZATION_LEVEL = "-Onone";
				SWIFT_VERSION = 5.0;
				TARGETED_DEVICE_FAMILY = "1,2";
			};
			name = Debug;
		};
		BF827F722CE03BA00075C577 /* Release */ = {
			isa = XCBuildConfiguration;
			buildSettings = {
				ASSETCATALOG_COMPILER_APPICON_NAME = AppIcon;
				ASSETCATALOG_COMPILER_GLOBAL_ACCENT_COLOR_NAME = AccentColor;
				CLANG_ENABLE_MODULES = YES;
				CODE_SIGN_ENTITLEMENTS = FetchRecipe/FetchRecipe.entitlements;
				CODE_SIGN_STYLE = Automatic;
				CURRENT_PROJECT_VERSION = 1;
				DEVELOPMENT_ASSET_PATHS = "\"FetchRecipe/Preview Content\"";
				DEVELOPMENT_TEAM = NHHC3FBP5A;
				ENABLE_HARDENED_RUNTIME = YES;
				ENABLE_PREVIEWS = YES;
				GENERATE_INFOPLIST_FILE = YES;
				"INFOPLIST_KEY_UIApplicationSceneManifest_Generation[sdk=iphoneos*]" = YES;
				"INFOPLIST_KEY_UIApplicationSceneManifest_Generation[sdk=iphonesimulator*]" = YES;
				"INFOPLIST_KEY_UIApplicationSupportsIndirectInputEvents[sdk=iphoneos*]" = YES;
				"INFOPLIST_KEY_UIApplicationSupportsIndirectInputEvents[sdk=iphonesimulator*]" = YES;
				"INFOPLIST_KEY_UILaunchScreen_Generation[sdk=iphoneos*]" = YES;
				"INFOPLIST_KEY_UILaunchScreen_Generation[sdk=iphonesimulator*]" = YES;
				"INFOPLIST_KEY_UIStatusBarStyle[sdk=iphoneos*]" = UIStatusBarStyleDefault;
				"INFOPLIST_KEY_UIStatusBarStyle[sdk=iphonesimulator*]" = UIStatusBarStyleDefault;
				INFOPLIST_KEY_UISupportedInterfaceOrientations_iPad = "UIInterfaceOrientationPortrait UIInterfaceOrientationPortraitUpsideDown UIInterfaceOrientationLandscapeLeft UIInterfaceOrientationLandscapeRight";
				INFOPLIST_KEY_UISupportedInterfaceOrientations_iPhone = "UIInterfaceOrientationPortrait UIInterfaceOrientationLandscapeLeft UIInterfaceOrientationLandscapeRight";
				IPHONEOS_DEPLOYMENT_TARGET = 17.0;
				LD_RUNPATH_SEARCH_PATHS = "@executable_path/Frameworks";
				"LD_RUNPATH_SEARCH_PATHS[sdk=macosx*]" = "@executable_path/../Frameworks";
				MACOSX_DEPLOYMENT_TARGET = 14.0;
				MARKETING_VERSION = 1.0;
				PRODUCT_BUNDLE_IDENTIFIER = "N-A.FetchRecipe";
				PRODUCT_NAME = "$(TARGET_NAME)";
				SDKROOT = auto;
				SUPPORTED_PLATFORMS = "iphoneos iphonesimulator macosx";
				SWIFT_EMIT_LOC_STRINGS = YES;
				SWIFT_OBJC_BRIDGING_HEADER = "Tests/FetchRecipe-Bridging-Header.h";
				SWIFT_VERSION = 5.0;
				TARGETED_DEVICE_FAMILY = "1,2";
			};
			name = Release;
		};
		BF827F742CE03BA00075C577 /* Debug */ = {
			isa = XCBuildConfiguration;
			buildSettings = {
				ALWAYS_EMBED_SWIFT_STANDARD_LIBRARIES = YES;
				BUNDLE_LOADER = "$(TEST_HOST)";
				CODE_SIGN_STYLE = Automatic;
				CURRENT_PROJECT_VERSION = 1;
				DEVELOPMENT_TEAM = NHHC3FBP5A;
				GENERATE_INFOPLIST_FILE = YES;
				IPHONEOS_DEPLOYMENT_TARGET = 17.0;
				MACOSX_DEPLOYMENT_TARGET = 14.0;
				MARKETING_VERSION = 1.0;
				PRODUCT_BUNDLE_IDENTIFIER = "N-A.FetchRecipeTests";
				PRODUCT_NAME = "$(TARGET_NAME)";
				SDKROOT = auto;
				SUPPORTED_PLATFORMS = "iphoneos iphonesimulator macosx";
				SWIFT_EMIT_LOC_STRINGS = NO;
				SWIFT_VERSION = 5.0;
				TARGETED_DEVICE_FAMILY = "1,2";
				TEST_HOST = "$(BUILT_PRODUCTS_DIR)/FetchRecipe.app/$(BUNDLE_EXECUTABLE_FOLDER_PATH)/FetchRecipe";
			};
			name = Debug;
		};
		BF827F752CE03BA00075C577 /* Release */ = {
			isa = XCBuildConfiguration;
			buildSettings = {
				ALWAYS_EMBED_SWIFT_STANDARD_LIBRARIES = YES;
				BUNDLE_LOADER = "$(TEST_HOST)";
				CODE_SIGN_STYLE = Automatic;
				CURRENT_PROJECT_VERSION = 1;
				DEVELOPMENT_TEAM = NHHC3FBP5A;
				GENERATE_INFOPLIST_FILE = YES;
				IPHONEOS_DEPLOYMENT_TARGET = 17.0;
				MACOSX_DEPLOYMENT_TARGET = 14.0;
				MARKETING_VERSION = 1.0;
				PRODUCT_BUNDLE_IDENTIFIER = "N-A.FetchRecipeTests";
				PRODUCT_NAME = "$(TARGET_NAME)";
				SDKROOT = auto;
				SUPPORTED_PLATFORMS = "iphoneos iphonesimulator macosx";
				SWIFT_EMIT_LOC_STRINGS = NO;
				SWIFT_VERSION = 5.0;
				TARGETED_DEVICE_FAMILY = "1,2";
				TEST_HOST = "$(BUILT_PRODUCTS_DIR)/FetchRecipe.app/$(BUNDLE_EXECUTABLE_FOLDER_PATH)/FetchRecipe";
			};
			name = Release;
		};
		BF827F772CE03BA00075C577 /* Debug */ = {
			isa = XCBuildConfiguration;
			buildSettings = {
				ALWAYS_EMBED_SWIFT_STANDARD_LIBRARIES = YES;
				CODE_SIGN_STYLE = Automatic;
				CURRENT_PROJECT_VERSION = 1;
				DEVELOPMENT_TEAM = NHHC3FBP5A;
				GENERATE_INFOPLIST_FILE = YES;
				IPHONEOS_DEPLOYMENT_TARGET = 17.0;
				MACOSX_DEPLOYMENT_TARGET = 14.0;
				MARKETING_VERSION = 1.0;
				PRODUCT_BUNDLE_IDENTIFIER = "N-A.FetchRecipeUITests";
				PRODUCT_NAME = "$(TARGET_NAME)";
				SDKROOT = auto;
				SUPPORTED_PLATFORMS = "iphoneos iphonesimulator macosx";
				SWIFT_EMIT_LOC_STRINGS = NO;
				SWIFT_VERSION = 5.0;
				TARGETED_DEVICE_FAMILY = "1,2";
				TEST_TARGET_NAME = FetchRecipe;
			};
			name = Debug;
		};
		BF827F782CE03BA00075C577 /* Release */ = {
			isa = XCBuildConfiguration;
			buildSettings = {
				ALWAYS_EMBED_SWIFT_STANDARD_LIBRARIES = YES;
				CODE_SIGN_STYLE = Automatic;
				CURRENT_PROJECT_VERSION = 1;
				DEVELOPMENT_TEAM = NHHC3FBP5A;
				GENERATE_INFOPLIST_FILE = YES;
				IPHONEOS_DEPLOYMENT_TARGET = 17.0;
				MACOSX_DEPLOYMENT_TARGET = 14.0;
				MARKETING_VERSION = 1.0;
				PRODUCT_BUNDLE_IDENTIFIER = "N-A.FetchRecipeUITests";
				PRODUCT_NAME = "$(TARGET_NAME)";
				SDKROOT = auto;
				SUPPORTED_PLATFORMS = "iphoneos iphonesimulator macosx";
				SWIFT_EMIT_LOC_STRINGS = NO;
				SWIFT_VERSION = 5.0;
				TARGETED_DEVICE_FAMILY = "1,2";
				TEST_TARGET_NAME = FetchRecipe;
			};
			name = Release;
		};
/* End XCBuildConfiguration section */

/* Begin XCConfigurationList section */
		BF827F462CE03B9B0075C577 /* Build configuration list for PBXProject "FetchRecipe" */ = {
			isa = XCConfigurationList;
			buildConfigurations = (
				BF827F6E2CE03BA00075C577 /* Debug */,
				BF827F6F2CE03BA00075C577 /* Release */,
			);
			defaultConfigurationIsVisible = 0;
			defaultConfigurationName = Release;
		};
		BF827F702CE03BA00075C577 /* Build configuration list for PBXNativeTarget "FetchRecipe" */ = {
			isa = XCConfigurationList;
			buildConfigurations = (
				BF827F712CE03BA00075C577 /* Debug */,
				BF827F722CE03BA00075C577 /* Release */,
			);
			defaultConfigurationIsVisible = 0;
			defaultConfigurationName = Release;
		};
		BF827F732CE03BA00075C577 /* Build configuration list for PBXNativeTarget "FetchRecipeTests" */ = {
			isa = XCConfigurationList;
			buildConfigurations = (
				BF827F742CE03BA00075C577 /* Debug */,
				BF827F752CE03BA00075C577 /* Release */,
			);
			defaultConfigurationIsVisible = 0;
			defaultConfigurationName = Release;
		};
		BF827F762CE03BA00075C577 /* Build configuration list for PBXNativeTarget "FetchRecipeUITests" */ = {
			isa = XCConfigurationList;
			buildConfigurations = (
				BF827F772CE03BA00075C577 /* Debug */,
				BF827F782CE03BA00075C577 /* Release */,
			);
			defaultConfigurationIsVisible = 0;
			defaultConfigurationName = Release;
		};
/* End XCConfigurationList section */
	};
	rootObject = BF827F432CE03B9B0075C577 /* Project object */;
}
